
Microsoft Visual Studio Solution File, Format Version 12.00
# Visual Studio 15
VisualStudioVersion = 15.0.28010.2026
MinimumVisualStudioVersion = 10.0.40219.1
Project("{888888A0-9F3D-457C-B088-3A5042F75D52}") = "Draw", "Draw\Draw.pyproj", "{F7B2E50A-CA99-4B58-AFF8-6DFA5F506E1F}"
EndProject
Global
	GlobalSection(SolutionConfigurationPlatforms) = preSolution
		Debug|Any CPU = Debug|Any CPU
		Release|Any CPU = Release|Any CPU
	EndGlobalSection
	GlobalSection(ProjectConfigurationPlatforms) = postSolution
		{F7B2E50A-CA99-4B58-AFF8-6DFA5F506E1F}.Debug|Any CPU.ActiveCfg = Debug|Any CPU
		{F7B2E50A-CA99-4B58-AFF8-6DFA5F506E1F}.Release|Any CPU.ActiveCfg = Release|Any CPU
	EndGlobalSection
	GlobalSection(SolutionProperties) = preSolution
		HideSolutionNode = FALSE
	EndGlobalSection
	GlobalSection(ExtensibilityGlobals) = postSolution
		SolutionGuid = {6CED62C0-435C-49F7-BE1A-7D80193475FE}
	EndGlobalSection
EndGlobal
